
Microsoft Visual Studio Solution File, Format Version 12.00
# Visual Studio Version 17
VisualStudioVersion = 17.14.36408.4
MinimumVisualStudioVersion = 10.0.40219.1
Project("{FAE04EC0-301F-11D3-BF4B-00C04F79EFBC}") = "NetDeque", "NetDeque\NetDeque.csproj", "{2795814D-8EED-4AED-BEC4-0CC0B73ECD98}"
EndProject
Project("{FAE04EC0-301F-11D3-BF4B-00C04F79EFBC}") = "NetDeque.Tests", "NetDeque.Tests\NetDeque.Tests.csproj", "{50E14E47-5CF2-4FFB-97CE-7F9B14E0D6BE}"
EndProject
Global
	GlobalSection(SolutionConfigurationPlatforms) = preSolution
		Debug|Any CPU = Debug|Any CPU
		Debug|x64 = Debug|x64
		Debug|x86 = Debug|x86
		Release|Any CPU = Release|Any CPU
		Release|x64 = Release|x64
		Release|x86 = Release|x86
	EndGlobalSection
	GlobalSection(ProjectConfigurationPlatforms) = postSolution
		{2795814D-8EED-4AED-BEC4-0CC0B73ECD98}.Debug|Any CPU.ActiveCfg = Debug|Any CPU
		{2795814D-8EED-4AED-BEC4-0CC0B73ECD98}.Debug|Any CPU.Build.0 = Debug|Any CPU
		{2795814D-8EED-4AED-BEC4-0CC0B73ECD98}.Debug|x64.ActiveCfg = Debug|Any CPU
		{2795814D-8EED-4AED-BEC4-0CC0B73ECD98}.Debug|x64.Build.0 = Debug|Any CPU
		{2795814D-8EED-4AED-BEC4-0CC0B73ECD98}.Debug|x86.ActiveCfg = Debug|Any CPU
		{2795814D-8EED-4AED-BEC4-0CC0B73ECD98}.Debug|x86.Build.0 = Debug|Any CPU
		{2795814D-8EED-4AED-BEC4-0CC0B73ECD98}.Release|Any CPU.ActiveCfg = Release|Any CPU
		{2795814D-8EED-4AED-BEC4-0CC0B73ECD98}.Release|Any CPU.Build.0 = Release|Any CPU
		{2795814D-8EED-4AED-BEC4-0CC0B73ECD98}.Release|x64.ActiveCfg = Release|Any CPU
		{2795814D-8EED-4AED-BEC4-0CC0B73ECD98}.Release|x64.Build.0 = Release|Any CPU
		{2795814D-8EED-4AED-BEC4-0CC0B73ECD98}.Release|x86.ActiveCfg = Release|Any CPU
		{2795814D-8EED-4AED-BEC4-0CC0B73ECD98}.Release|x86.Build.0 = Release|Any CPU
		{50E14E47-5CF2-4FFB-97CE-7F9B14E0D6BE}.Debug|Any CPU.ActiveCfg = Debug|Any CPU
		{50E14E47-5CF2-4FFB-97CE-7F9B14E0D6BE}.Debug|Any CPU.Build.0 = Debug|Any CPU
		{50E14E47-5CF2-4FFB-97CE-7F9B14E0D6BE}.Debug|x64.ActiveCfg = Debug|Any CPU
		{50E14E47-5CF2-4FFB-97CE-7F9B14E0D6BE}.Debug|x64.Build.0 = Debug|Any CPU
		{50E14E47-5CF2-4FFB-97CE-7F9B14E0D6BE}.Debug|x86.ActiveCfg = Debug|Any CPU
		{50E14E47-5CF2-4FFB-97CE-7F9B14E0D6BE}.Debug|x86.Build.0 = Debug|Any CPU
		{50E14E47-5CF2-4FFB-97CE-7F9B14E0D6BE}.Release|Any CPU.ActiveCfg = Release|Any CPU
		{50E14E47-5CF2-4FFB-97CE-7F9B14E0D6BE}.Release|Any CPU.Build.0 = Release|Any CPU
		{50E14E47-5CF2-4FFB-97CE-7F9B14E0D6BE}.Release|x64.ActiveCfg = Release|Any CPU
		{50E14E47-5CF2-4FFB-97CE-7F9B14E0D6BE}.Release|x64.Build.0 = Release|Any CPU
		{50E14E47-5CF2-4FFB-97CE-7F9B14E0D6BE}.Release|x86.ActiveCfg = Release|Any CPU
		{50E14E47-5CF2-4FFB-97CE-7F9B14E0D6BE}.Release|x86.Build.0 = Release|Any CPU
	EndGlobalSection
	GlobalSection(SolutionProperties) = preSolution
		HideSolutionNode = FALSE
	EndGlobalSection
	GlobalSection(ExtensibilityGlobals) = postSolution
		SolutionGuid = {9183D061-CAB0-4385-B136-1B5272254AE6}
	EndGlobalSection
EndGlobal
